Microsoft Visual Studio Solution File, Format Version 12.00
# Visual Studio Version 17
VisualStudioVersion = 17.0.31903.59
MinimumVisualStudioVersion = 10.0.40219.1
Project("{FAE04EC0-301F-11D3-BF4B-00C04F79EFBC}") = "Lmp.Telemetry", "src\Lmp.Telemetry\Lmp.Telemetry.csproj", "{A1B2C3D4-E5F6-4A5B-8C7D-9E0F1A2B3C4D}"
EndProject
Project("{FAE04EC0-301F-11D3-BF4B-00C04F79EFBC}") = "Lmp.Telemetry.Tests", "tests\Lmp.Telemetry.Tests\Lmp.Telemetry.Tests.csproj", "{D4C3B2A1-F6E5-B5A4-D7C8-4C3B2A1F6E5D}"
EndProject
Global
	GlobalSection(SolutionConfigurationPlatforms) = preSolution
		Debug|Any CPU = Debug|Any CPU
		Release|Any CPU = Release|Any CPU
	EndGlobalSection
	GlobalSection(SolutionProperties) = preSolution
		HideSolutionNode = FALSE
	EndGlobalSection
	GlobalSection(ProjectConfigurationPlatforms) = postSolution
		{A1B2C3D4-E5F6-4A5B-8C7D-9E0F1A2B3C4D}.Debug|Any CPU.ActiveCfg = Debug|Any CPU
		{A1B2C3D4-E5F6-4A5B-8C7D-9E0F1A2B3C4D}.Debug|Any CPU.Build.0 = Debug|Any CPU
		{A1B2C3D4-E5F6-4A5B-8C7D-9E0F1A2B3C4D}.Release|Any CPU.ActiveCfg = Release|Any CPU
		{A1B2C3D4-E5F6-4A5B-8C7D-9E0F1A2B3C4D}.Release|Any CPU.Build.0 = Release|Any CPU
		{D4C3B2A1-F6E5-B5A4-D7C8-4C3B2A1F6E5D}.Debug|Any CPU.ActiveCfg = Debug|Any CPU
		{D4C3B2A1-F6E5-B5A4-D7C8-4C3B2A1F6E5D}.Debug|Any CPU.Build.0 = Debug|Any CPU
		{D4C3B2A1-F6E5-B5A4-D7C8-4C3B2A1F6E5D}.Release|Any CPU.ActiveCfg = Release|Any CPU
		{D4C3B2A1-F6E5-B5A4-D7C8-4C3B2A1F6E5D}.Release|Any CPU.Build.0 = Release|Any CPU
	EndGlobalSection
EndGlobal
